
Microsoft Visual Studio Solution File, Format Version 12.00
# Visual Studio Version 16
VisualStudioVersion = 16.0.31424.327
MinimumVisualStudioVersion = 10.0.40219.1
Project("{FAE04EC0-301F-11D3-BF4B-00C04F79EFBC}") = "HelloASPDotNET", "HelloASPDotNET\HelloASPDotNET.csproj", "{2B842134-330B-424F-9A98-9302F006F1E2}"
EndProject
Global
	GlobalSection(SolutionConfigurationPlatforms) = preSolution
		Debug|Any CPU = Debug|Any CPU
		Release|Any CPU = Release|Any CPU
	EndGlobalSection
	GlobalSection(ProjectConfigurationPlatforms) = postSolution
		{2B842134-330B-424F-9A98-9302F006F1E2}.Debug|Any CPU.ActiveCfg = Debug|Any CPU
		{2B842134-330B-424F-9A98-9302F006F1E2}.Debug|Any CPU.Build.0 = Debug|Any CPU
		{2B842134-330B-424F-9A98-9302F006F1E2}.Release|Any CPU.ActiveCfg = Release|Any CPU
		{2B842134-330B-424F-9A98-9302F006F1E2}.Release|Any CPU.Build.0 = Release|Any CPU
	EndGlobalSection
	GlobalSection(SolutionProperties) = preSolution
		HideSolutionNode = FALSE
	EndGlobalSection
	GlobalSection(ExtensibilityGlobals) = postSolution
		SolutionGuid = {15FE161C-258E-4844-B35C-4B72A5E3CE75}
	EndGlobalSection
EndGlobal
